
Microsoft Visual Studio Solution File, Format Version 12.00
# Visual Studio 15
VisualStudioVersion = 15.0.27703.2042
MinimumVisualStudioVersion = 10.0.40219.1
Project("{9A19103F-16F7-4668-BE54-9A1E7A4F7556}") = "GameInformationLibrary", "GameInformationLibrary\GameInformationLibrary.csproj", "{2DB969A0-7234-4F55-95E3-3BD9E579EBCB}"
EndProject
Project("{2150E333-8FDC-42A3-9474-1A3956D46DE8}") = "Test", "Test", "{110C8925-DDCB-4196-A078-A515C682C260}"
EndProject
Project("{9A19103F-16F7-4668-BE54-9A1E7A4F7556}") = "GameService.Test", "GameInformation.Test\GameService.Test.csproj", "{DB4B9588-8A80-4FB9-AB67-06815793F516}"
EndProject
Project("{FAE04EC0-301F-11D3-BF4B-00C04F79EFBC}") = "GameServiceLibrary", "GameServiceLibrary\GameServiceLibrary.csproj", "{50E3203B-CB25-44F9-AFA7-CFEDBD7573FB}"
EndProject
Global
	GlobalSection(SolutionConfigurationPlatforms) = preSolution
		Debug|Any CPU = Debug|Any CPU
		Release|Any CPU = Release|Any CPU
	EndGlobalSection
	GlobalSection(ProjectConfigurationPlatforms) = postSolution
		{2DB969A0-7234-4F55-95E3-3BD9E579EBCB}.Debug|Any CPU.ActiveCfg = Debug|Any CPU
		{2DB969A0-7234-4F55-95E3-3BD9E579EBCB}.Debug|Any CPU.Build.0 = Debug|Any CPU
		{2DB969A0-7234-4F55-95E3-3BD9E579EBCB}.Release|Any CPU.ActiveCfg = Release|Any CPU
		{2DB969A0-7234-4F55-95E3-3BD9E579EBCB}.Release|Any CPU.Build.0 = Release|Any CPU
		{DB4B9588-8A80-4FB9-AB67-06815793F516}.Debug|Any CPU.ActiveCfg = Debug|Any CPU
		{DB4B9588-8A80-4FB9-AB67-06815793F516}.Debug|Any CPU.Build.0 = Debug|Any CPU
		{DB4B9588-8A80-4FB9-AB67-06815793F516}.Release|Any CPU.ActiveCfg = Release|Any CPU
		{DB4B9588-8A80-4FB9-AB67-06815793F516}.Release|Any CPU.Build.0 = Release|Any CPU
		{50E3203B-CB25-44F9-AFA7-CFEDBD7573FB}.Debug|Any CPU.ActiveCfg = Debug|Any CPU
		{50E3203B-CB25-44F9-AFA7-CFEDBD7573FB}.Debug|Any CPU.Build.0 = Debug|Any CPU
		{50E3203B-CB25-44F9-AFA7-CFEDBD7573FB}.Release|Any CPU.ActiveCfg = Release|Any CPU
		{50E3203B-CB25-44F9-AFA7-CFEDBD7573FB}.Release|Any CPU.Build.0 = Release|Any CPU
	EndGlobalSection
	GlobalSection(SolutionProperties) = preSolution
		HideSolutionNode = FALSE
	EndGlobalSection
	GlobalSection(NestedProjects) = preSolution
		{DB4B9588-8A80-4FB9-AB67-06815793F516} = {110C8925-DDCB-4196-A078-A515C682C260}
	EndGlobalSection
	GlobalSection(ExtensibilityGlobals) = postSolution
		SolutionGuid = {12BDA99D-0510-4749-9E1F-E3668A9B9459}
	EndGlobalSection
EndGlobal
